
Microsoft Visual Studio Solution File, Format Version 12.00
# Visual Studio Version 18
VisualStudioVersion = 18.2.11408.102 d18.0
MinimumVisualStudioVersion = 10.0.40219.1
Project("{FAE04EC0-301F-11D3-BF4B-00C04F79EFBC}") = "Paparr.API", "Paparr.API.csproj", "{06CD31F3-A22C-024C-1C54-6A3D12F3CC78}"
EndProject
Global
	GlobalSection(SolutionConfigurationPlatforms) = preSolution
		Debug|Any CPU = Debug|Any CPU
		Release|Any CPU = Release|Any CPU
	EndGlobalSection
	GlobalSection(ProjectConfigurationPlatforms) = postSolution
		{06CD31F3-A22C-024C-1C54-6A3D12F3CC78}.Debug|Any CPU.ActiveCfg = Debug|Any CPU
		{06CD31F3-A22C-024C-1C54-6A3D12F3CC78}.Debug|Any CPU.Build.0 = Debug|Any CPU
		{06CD31F3-A22C-024C-1C54-6A3D12F3CC78}.Release|Any CPU.ActiveCfg = Release|Any CPU
		{06CD31F3-A22C-024C-1C54-6A3D12F3CC78}.Release|Any CPU.Build.0 = Release|Any CPU
	EndGlobalSection
	GlobalSection(SolutionProperties) = preSolution
		HideSolutionNode = FALSE
	EndGlobalSection
	GlobalSection(ExtensibilityGlobals) = postSolution
		SolutionGuid = {4C4B2EB0-C1FA-4BB0-9C86-30296C3CCCAF}
	EndGlobalSection
EndGlobal
